
Microsoft Visual Studio Solution File, Format Version 12.00
# Visual Studio Version 17
VisualStudioVersion = 17.5.33414.496
MinimumVisualStudioVersion = 10.0.40219.1
Project("{9A19103F-16F7-4668-BE54-9A1E7A4F7556}") = "WebServer", "WebServer\WebServer.csproj", "{D25C9E9F-0EBA-4CC8-8ED2-F27C1192740C}"
EndProject
Global
	GlobalSection(SolutionConfigurationPlatforms) = preSolution
		Debug|Any CPU = Debug|Any CPU
		Release|Any CPU = Release|Any CPU
	EndGlobalSection
	GlobalSection(ProjectConfigurationPlatforms) = postSolution
		{D25C9E9F-0EBA-4CC8-8ED2-F27C1192740C}.Debug|Any CPU.ActiveCfg = Debug|Any CPU
		{D25C9E9F-0EBA-4CC8-8ED2-F27C1192740C}.Debug|Any CPU.Build.0 = Debug|Any CPU
		{D25C9E9F-0EBA-4CC8-8ED2-F27C1192740C}.Release|Any CPU.ActiveCfg = Release|Any CPU
		{D25C9E9F-0EBA-4CC8-8ED2-F27C1192740C}.Release|Any CPU.Build.0 = Release|Any CPU
	EndGlobalSection
	GlobalSection(SolutionProperties) = preSolution
		HideSolutionNode = FALSE
	EndGlobalSection
	GlobalSection(ExtensibilityGlobals) = postSolution
		SolutionGuid = {EC6D55DA-9D77-4740-97EA-042E89306A1C}
	EndGlobalSection
EndGlobal
